
Microsoft Visual Studio Solution File, Format Version 12.00
# Visual Studio Version 16
VisualStudioVersion = 16.0.29505.145
MinimumVisualStudioVersion = 10.0.40219.1
Project("{9A19103F-16F7-4668-BE54-9A1E7A4F7556}") = "CheckReceiptSDK", "CheckReceiptSDK\CheckReceiptSDK.csproj", "{68B1B53F-0829-4A23-9423-903036D5DC77}"
EndProject
Project("{FAE04EC0-301F-11D3-BF4B-00C04F79EFBC}") = "CheckReceiptSDK.Tests", "CheckReceiptSDK.Tests\CheckReceiptSDK.Tests.csproj", "{8718B699-22CA-4A90-9BB1-E52AB3F4B696}"
EndProject
Global
	GlobalSection(SolutionConfigurationPlatforms) = preSolution
		Debug|Any CPU = Debug|Any CPU
		Release|Any CPU = Release|Any CPU
	EndGlobalSection
	GlobalSection(ProjectConfigurationPlatforms) = postSolution
		{68B1B53F-0829-4A23-9423-903036D5DC77}.Debug|Any CPU.ActiveCfg = Debug|Any CPU
		{68B1B53F-0829-4A23-9423-903036D5DC77}.Debug|Any CPU.Build.0 = Debug|Any CPU
		{68B1B53F-0829-4A23-9423-903036D5DC77}.Release|Any CPU.ActiveCfg = Release|Any CPU
		{68B1B53F-0829-4A23-9423-903036D5DC77}.Release|Any CPU.Build.0 = Release|Any CPU
		{8718B699-22CA-4A90-9BB1-E52AB3F4B696}.Debug|Any CPU.ActiveCfg = Debug|Any CPU
		{8718B699-22CA-4A90-9BB1-E52AB3F4B696}.Debug|Any CPU.Build.0 = Debug|Any CPU
		{8718B699-22CA-4A90-9BB1-E52AB3F4B696}.Release|Any CPU.ActiveCfg = Release|Any CPU
		{8718B699-22CA-4A90-9BB1-E52AB3F4B696}.Release|Any CPU.Build.0 = Release|Any CPU
	EndGlobalSection
	GlobalSection(SolutionProperties) = preSolution
		HideSolutionNode = FALSE
	EndGlobalSection
	GlobalSection(ExtensibilityGlobals) = postSolution
		SolutionGuid = {4201FEB1-D945-4621-9802-65D422EB88A0}
	EndGlobalSection
EndGlobal
